
Microsoft Visual Studio Solution File, Format Version 12.00
# Visual Studio Version 17
VisualStudioVersion = 17.0.31903.59
MinimumVisualStudioVersion = 10.0.40219.1
Project("{FAE04EC0-301F-11D3-BF4B-00C04F79EFBC}") = "Common", "Common\Common.csproj", "{29692386-F917-423B-B29B-4F414BB9952A}"
EndProject
Project("{FAE04EC0-301F-11D3-BF4B-00C04F79EFBC}") = "Day01Tests", "Day01\tst\Day01Tests.csproj", "{03E2EB2F-78A0-4C00-883D-8375FE5A7FEC}"
EndProject
Project("{FAE04EC0-301F-11D3-BF4B-00C04F79EFBC}") = "Day01", "Day01\src\Day01.csproj", "{EA54BC98-34D4-47B0-A2FF-2CB4014D53BE}"
EndProject
Global
	GlobalSection(SolutionConfigurationPlatforms) = preSolution
		Debug|Any CPU = Debug|Any CPU
		Debug|x64 = Debug|x64
		Debug|x86 = Debug|x86
		Release|Any CPU = Release|Any CPU
		Release|x64 = Release|x64
		Release|x86 = Release|x86
	EndGlobalSection
	GlobalSection(ProjectConfigurationPlatforms) = postSolution
		{29692386-F917-423B-B29B-4F414BB9952A}.Debug|Any CPU.ActiveCfg = Debug|Any CPU
		{29692386-F917-423B-B29B-4F414BB9952A}.Debug|Any CPU.Build.0 = Debug|Any CPU
		{29692386-F917-423B-B29B-4F414BB9952A}.Debug|x64.ActiveCfg = Debug|Any CPU
		{29692386-F917-423B-B29B-4F414BB9952A}.Debug|x64.Build.0 = Debug|Any CPU
		{29692386-F917-423B-B29B-4F414BB9952A}.Debug|x86.ActiveCfg = Debug|Any CPU
		{29692386-F917-423B-B29B-4F414BB9952A}.Debug|x86.Build.0 = Debug|Any CPU
		{29692386-F917-423B-B29B-4F414BB9952A}.Release|Any CPU.ActiveCfg = Release|Any CPU
		{29692386-F917-423B-B29B-4F414BB9952A}.Release|Any CPU.Build.0 = Release|Any CPU
		{29692386-F917-423B-B29B-4F414BB9952A}.Release|x64.ActiveCfg = Release|Any CPU
		{29692386-F917-423B-B29B-4F414BB9952A}.Release|x64.Build.0 = Release|Any CPU
		{29692386-F917-423B-B29B-4F414BB9952A}.Release|x86.ActiveCfg = Release|Any CPU
		{29692386-F917-423B-B29B-4F414BB9952A}.Release|x86.Build.0 = Release|Any CPU
		{03E2EB2F-78A0-4C00-883D-8375FE5A7FEC}.Debug|Any CPU.ActiveCfg = Debug|Any CPU
		{03E2EB2F-78A0-4C00-883D-8375FE5A7FEC}.Debug|Any CPU.Build.0 = Debug|Any CPU
		{03E2EB2F-78A0-4C00-883D-8375FE5A7FEC}.Debug|x64.ActiveCfg = Debug|Any CPU
		{03E2EB2F-78A0-4C00-883D-8375FE5A7FEC}.Debug|x64.Build.0 = Debug|Any CPU
		{03E2EB2F-78A0-4C00-883D-8375FE5A7FEC}.Debug|x86.ActiveCfg = Debug|Any CPU
		{03E2EB2F-78A0-4C00-883D-8375FE5A7FEC}.Debug|x86.Build.0 = Debug|Any CPU
		{03E2EB2F-78A0-4C00-883D-8375FE5A7FEC}.Release|Any CPU.ActiveCfg = Release|Any CPU
		{03E2EB2F-78A0-4C00-883D-8375FE5A7FEC}.Release|Any CPU.Build.0 = Release|Any CPU
		{03E2EB2F-78A0-4C00-883D-8375FE5A7FEC}.Release|x64.ActiveCfg = Release|Any CPU
		{03E2EB2F-78A0-4C00-883D-8375FE5A7FEC}.Release|x64.Build.0 = Release|Any CPU
		{03E2EB2F-78A0-4C00-883D-8375FE5A7FEC}.Release|x86.ActiveCfg = Release|Any CPU
		{03E2EB2F-78A0-4C00-883D-8375FE5A7FEC}.Release|x86.Build.0 = Release|Any CPU
		{EA54BC98-34D4-47B0-A2FF-2CB4014D53BE}.Debug|Any CPU.ActiveCfg = Debug|Any CPU
		{EA54BC98-34D4-47B0-A2FF-2CB4014D53BE}.Debug|Any CPU.Build.0 = Debug|Any CPU
		{EA54BC98-34D4-47B0-A2FF-2CB4014D53BE}.Debug|x64.ActiveCfg = Debug|Any CPU
		{EA54BC98-34D4-47B0-A2FF-2CB4014D53BE}.Debug|x64.Build.0 = Debug|Any CPU
		{EA54BC98-34D4-47B0-A2FF-2CB4014D53BE}.Debug|x86.ActiveCfg = Debug|Any CPU
		{EA54BC98-34D4-47B0-A2FF-2CB4014D53BE}.Debug|x86.Build.0 = Debug|Any CPU
		{EA54BC98-34D4-47B0-A2FF-2CB4014D53BE}.Release|Any CPU.ActiveCfg = Release|Any CPU
		{EA54BC98-34D4-47B0-A2FF-2CB4014D53BE}.Release|Any CPU.Build.0 = Release|Any CPU
		{EA54BC98-34D4-47B0-A2FF-2CB4014D53BE}.Release|x64.ActiveCfg = Release|Any CPU
		{EA54BC98-34D4-47B0-A2FF-2CB4014D53BE}.Release|x64.Build.0 = Release|Any CPU
		{EA54BC98-34D4-47B0-A2FF-2CB4014D53BE}.Release|x86.ActiveCfg = Release|Any CPU
		{EA54BC98-34D4-47B0-A2FF-2CB4014D53BE}.Release|x86.Build.0 = Release|Any CPU
	EndGlobalSection
	GlobalSection(SolutionProperties) = preSolution
		HideSolutionNode = FALSE
	EndGlobalSection
EndGlobal
