
Microsoft Visual Studio Solution File, Format Version 12.00
# Visual Studio Version 17
VisualStudioVersion = 17.0.31903.59
MinimumVisualStudioVersion = 10.0.40219.1
Project("{FAE04EC0-301F-11D3-BF4B-00C04F79EFBC}") = "Common", "Common\Common.csproj", "{29692386-F917-423B-B29B-4F414BB9952A}"
EndProject
Project("{FAE04EC0-301F-11D3-BF4B-00C04F79EFBC}") = "Day01Tests", "Day01\tst\Day01Tests.csproj", "{03E2EB2F-78A0-4C00-883D-8375FE5A7FEC}"
EndProject
Project("{FAE04EC0-301F-11D3-BF4B-00C04F79EFBC}") = "Day01", "Day01\src\Day01.csproj", "{EA54BC98-34D4-47B0-A2FF-2CB4014D53BE}"
EndProject
Project("{FAE04EC0-301F-11D3-BF4B-00C04F79EFBC}") = "Day02Tests", "Day02\tst\Day02Tests.csproj", "{7B9BD2E3-4572-46A8-933A-5C009595D003}"
EndProject
Project("{FAE04EC0-301F-11D3-BF4B-00C04F79EFBC}") = "Day02", "Day02\src\Day02.csproj", "{449B92D5-E2FE-402D-BFFA-2D4FEBEFF96C}"
EndProject
Project("{FAE04EC0-301F-11D3-BF4B-00C04F79EFBC}") = "Day03Tests", "Day03\tst\Day03Tests.csproj", "{FEC30435-725C-4FC6-9EBF-AE63CCA71386}"
EndProject
Project("{FAE04EC0-301F-11D3-BF4B-00C04F79EFBC}") = "Day03", "Day03\src\Day03.csproj", "{0ABF161A-D397-4ED6-AC41-00ECBC23ED36}"
EndProject
Project("{FAE04EC0-301F-11D3-BF4B-00C04F79EFBC}") = "Day04Tests", "Day04\tst\Day04Tests.csproj", "{5D97817B-70A5-4237-894E-D78D02845044}"
EndProject
Project("{FAE04EC0-301F-11D3-BF4B-00C04F79EFBC}") = "Day04", "Day04\src\Day04.csproj", "{17FCDCAB-D46D-4801-8621-57417E8784FD}"
EndProject
Project("{FAE04EC0-301F-11D3-BF4B-00C04F79EFBC}") = "Day05Tests", "Day05\tst\Day05Tests.csproj", "{F6B50C61-C6DA-4CD4-B47E-E1DCF9B79CC5}"
EndProject
Project("{FAE04EC0-301F-11D3-BF4B-00C04F79EFBC}") = "Day05", "Day05\src\Day05.csproj", "{EF989BB3-9706-4A53-A337-16FCBD4611B1}"
EndProject
Project("{FAE04EC0-301F-11D3-BF4B-00C04F79EFBC}") = "Day06Tests", "Day06\tst\Day06Tests.csproj", "{0EE59623-6CC9-4FD6-8516-9E0C666707F4}"
EndProject
Project("{FAE04EC0-301F-11D3-BF4B-00C04F79EFBC}") = "Day06", "Day06\src\Day06.csproj", "{E481E71E-55BB-4B28-AB04-904AAA9A3955}"
EndProject
Global
	GlobalSection(SolutionConfigurationPlatforms) = preSolution
		Debug|Any CPU = Debug|Any CPU
		Debug|x64 = Debug|x64
		Debug|x86 = Debug|x86
		Release|Any CPU = Release|Any CPU
		Release|x64 = Release|x64
		Release|x86 = Release|x86
	EndGlobalSection
	GlobalSection(ProjectConfigurationPlatforms) = postSolution
		{29692386-F917-423B-B29B-4F414BB9952A}.Debug|Any CPU.ActiveCfg = Debug|Any CPU
		{29692386-F917-423B-B29B-4F414BB9952A}.Debug|Any CPU.Build.0 = Debug|Any CPU
		{29692386-F917-423B-B29B-4F414BB9952A}.Debug|x64.ActiveCfg = Debug|Any CPU
		{29692386-F917-423B-B29B-4F414BB9952A}.Debug|x64.Build.0 = Debug|Any CPU
		{29692386-F917-423B-B29B-4F414BB9952A}.Debug|x86.ActiveCfg = Debug|Any CPU
		{29692386-F917-423B-B29B-4F414BB9952A}.Debug|x86.Build.0 = Debug|Any CPU
		{29692386-F917-423B-B29B-4F414BB9952A}.Release|Any CPU.ActiveCfg = Release|Any CPU
		{29692386-F917-423B-B29B-4F414BB9952A}.Release|Any CPU.Build.0 = Release|Any CPU
		{29692386-F917-423B-B29B-4F414BB9952A}.Release|x64.ActiveCfg = Release|Any CPU
		{29692386-F917-423B-B29B-4F414BB9952A}.Release|x64.Build.0 = Release|Any CPU
		{29692386-F917-423B-B29B-4F414BB9952A}.Release|x86.ActiveCfg = Release|Any CPU
		{29692386-F917-423B-B29B-4F414BB9952A}.Release|x86.Build.0 = Release|Any CPU
		{03E2EB2F-78A0-4C00-883D-8375FE5A7FEC}.Debug|Any CPU.ActiveCfg = Debug|Any CPU
		{03E2EB2F-78A0-4C00-883D-8375FE5A7FEC}.Debug|Any CPU.Build.0 = Debug|Any CPU
		{03E2EB2F-78A0-4C00-883D-8375FE5A7FEC}.Debug|x64.ActiveCfg = Debug|Any CPU
		{03E2EB2F-78A0-4C00-883D-8375FE5A7FEC}.Debug|x64.Build.0 = Debug|Any CPU
		{03E2EB2F-78A0-4C00-883D-8375FE5A7FEC}.Debug|x86.ActiveCfg = Debug|Any CPU
		{03E2EB2F-78A0-4C00-883D-8375FE5A7FEC}.Debug|x86.Build.0 = Debug|Any CPU
		{03E2EB2F-78A0-4C00-883D-8375FE5A7FEC}.Release|Any CPU.ActiveCfg = Release|Any CPU
		{03E2EB2F-78A0-4C00-883D-8375FE5A7FEC}.Release|Any CPU.Build.0 = Release|Any CPU
		{03E2EB2F-78A0-4C00-883D-8375FE5A7FEC}.Release|x64.ActiveCfg = Release|Any CPU
		{03E2EB2F-78A0-4C00-883D-8375FE5A7FEC}.Release|x64.Build.0 = Release|Any CPU
		{03E2EB2F-78A0-4C00-883D-8375FE5A7FEC}.Release|x86.ActiveCfg = Release|Any CPU
		{03E2EB2F-78A0-4C00-883D-8375FE5A7FEC}.Release|x86.Build.0 = Release|Any CPU
		{EA54BC98-34D4-47B0-A2FF-2CB4014D53BE}.Debug|Any CPU.ActiveCfg = Debug|Any CPU
		{EA54BC98-34D4-47B0-A2FF-2CB4014D53BE}.Debug|Any CPU.Build.0 = Debug|Any CPU
		{EA54BC98-34D4-47B0-A2FF-2CB4014D53BE}.Debug|x64.ActiveCfg = Debug|Any CPU
		{EA54BC98-34D4-47B0-A2FF-2CB4014D53BE}.Debug|x64.Build.0 = Debug|Any CPU
		{EA54BC98-34D4-47B0-A2FF-2CB4014D53BE}.Debug|x86.ActiveCfg = Debug|Any CPU
		{EA54BC98-34D4-47B0-A2FF-2CB4014D53BE}.Debug|x86.Build.0 = Debug|Any CPU
		{EA54BC98-34D4-47B0-A2FF-2CB4014D53BE}.Release|Any CPU.ActiveCfg = Release|Any CPU
		{EA54BC98-34D4-47B0-A2FF-2CB4014D53BE}.Release|Any CPU.Build.0 = Release|Any CPU
		{EA54BC98-34D4-47B0-A2FF-2CB4014D53BE}.Release|x64.ActiveCfg = Release|Any CPU
		{EA54BC98-34D4-47B0-A2FF-2CB4014D53BE}.Release|x64.Build.0 = Release|Any CPU
		{EA54BC98-34D4-47B0-A2FF-2CB4014D53BE}.Release|x86.ActiveCfg = Release|Any CPU
		{EA54BC98-34D4-47B0-A2FF-2CB4014D53BE}.Release|x86.Build.0 = Release|Any CPU
		{7B9BD2E3-4572-46A8-933A-5C009595D003}.Debug|Any CPU.ActiveCfg = Debug|Any CPU
		{7B9BD2E3-4572-46A8-933A-5C009595D003}.Debug|Any CPU.Build.0 = Debug|Any CPU
		{7B9BD2E3-4572-46A8-933A-5C009595D003}.Debug|x64.ActiveCfg = Debug|Any CPU
		{7B9BD2E3-4572-46A8-933A-5C009595D003}.Debug|x64.Build.0 = Debug|Any CPU
		{7B9BD2E3-4572-46A8-933A-5C009595D003}.Debug|x86.ActiveCfg = Debug|Any CPU
		{7B9BD2E3-4572-46A8-933A-5C009595D003}.Debug|x86.Build.0 = Debug|Any CPU
		{7B9BD2E3-4572-46A8-933A-5C009595D003}.Release|Any CPU.ActiveCfg = Release|Any CPU
		{7B9BD2E3-4572-46A8-933A-5C009595D003}.Release|Any CPU.Build.0 = Release|Any CPU
		{7B9BD2E3-4572-46A8-933A-5C009595D003}.Release|x64.ActiveCfg = Release|Any CPU
		{7B9BD2E3-4572-46A8-933A-5C009595D003}.Release|x64.Build.0 = Release|Any CPU
		{7B9BD2E3-4572-46A8-933A-5C009595D003}.Release|x86.ActiveCfg = Release|Any CPU
		{7B9BD2E3-4572-46A8-933A-5C009595D003}.Release|x86.Build.0 = Release|Any CPU
		{449B92D5-E2FE-402D-BFFA-2D4FEBEFF96C}.Debug|Any CPU.ActiveCfg = Debug|Any CPU
		{449B92D5-E2FE-402D-BFFA-2D4FEBEFF96C}.Debug|Any CPU.Build.0 = Debug|Any CPU
		{449B92D5-E2FE-402D-BFFA-2D4FEBEFF96C}.Debug|x64.ActiveCfg = Debug|Any CPU
		{449B92D5-E2FE-402D-BFFA-2D4FEBEFF96C}.Debug|x64.Build.0 = Debug|Any CPU
		{449B92D5-E2FE-402D-BFFA-2D4FEBEFF96C}.Debug|x86.ActiveCfg = Debug|Any CPU
		{449B92D5-E2FE-402D-BFFA-2D4FEBEFF96C}.Debug|x86.Build.0 = Debug|Any CPU
		{449B92D5-E2FE-402D-BFFA-2D4FEBEFF96C}.Release|Any CPU.ActiveCfg = Release|Any CPU
		{449B92D5-E2FE-402D-BFFA-2D4FEBEFF96C}.Release|Any CPU.Build.0 = Release|Any CPU
		{449B92D5-E2FE-402D-BFFA-2D4FEBEFF96C}.Release|x64.ActiveCfg = Release|Any CPU
		{449B92D5-E2FE-402D-BFFA-2D4FEBEFF96C}.Release|x64.Build.0 = Release|Any CPU
		{449B92D5-E2FE-402D-BFFA-2D4FEBEFF96C}.Release|x86.ActiveCfg = Release|Any CPU
		{449B92D5-E2FE-402D-BFFA-2D4FEBEFF96C}.Release|x86.Build.0 = Release|Any CPU
		{FEC30435-725C-4FC6-9EBF-AE63CCA71386}.Debug|Any CPU.ActiveCfg = Debug|Any CPU
		{FEC30435-725C-4FC6-9EBF-AE63CCA71386}.Debug|Any CPU.Build.0 = Debug|Any CPU
		{FEC30435-725C-4FC6-9EBF-AE63CCA71386}.Debug|x64.ActiveCfg = Debug|Any CPU
		{FEC30435-725C-4FC6-9EBF-AE63CCA71386}.Debug|x64.Build.0 = Debug|Any CPU
		{FEC30435-725C-4FC6-9EBF-AE63CCA71386}.Debug|x86.ActiveCfg = Debug|Any CPU
		{FEC30435-725C-4FC6-9EBF-AE63CCA71386}.Debug|x86.Build.0 = Debug|Any CPU
		{FEC30435-725C-4FC6-9EBF-AE63CCA71386}.Release|Any CPU.ActiveCfg = Release|Any CPU
		{FEC30435-725C-4FC6-9EBF-AE63CCA71386}.Release|Any CPU.Build.0 = Release|Any CPU
		{FEC30435-725C-4FC6-9EBF-AE63CCA71386}.Release|x64.ActiveCfg = Release|Any CPU
		{FEC30435-725C-4FC6-9EBF-AE63CCA71386}.Release|x64.Build.0 = Release|Any CPU
		{FEC30435-725C-4FC6-9EBF-AE63CCA71386}.Release|x86.ActiveCfg = Release|Any CPU
		{FEC30435-725C-4FC6-9EBF-AE63CCA71386}.Release|x86.Build.0 = Release|Any CPU
		{0ABF161A-D397-4ED6-AC41-00ECBC23ED36}.Debug|Any CPU.ActiveCfg = Debug|Any CPU
		{0ABF161A-D397-4ED6-AC41-00ECBC23ED36}.Debug|Any CPU.Build.0 = Debug|Any CPU
		{0ABF161A-D397-4ED6-AC41-00ECBC23ED36}.Debug|x64.ActiveCfg = Debug|Any CPU
		{0ABF161A-D397-4ED6-AC41-00ECBC23ED36}.Debug|x64.Build.0 = Debug|Any CPU
		{0ABF161A-D397-4ED6-AC41-00ECBC23ED36}.Debug|x86.ActiveCfg = Debug|Any CPU
		{0ABF161A-D397-4ED6-AC41-00ECBC23ED36}.Debug|x86.Build.0 = Debug|Any CPU
		{0ABF161A-D397-4ED6-AC41-00ECBC23ED36}.Release|Any CPU.ActiveCfg = Release|Any CPU
		{0ABF161A-D397-4ED6-AC41-00ECBC23ED36}.Release|Any CPU.Build.0 = Release|Any CPU
		{0ABF161A-D397-4ED6-AC41-00ECBC23ED36}.Release|x64.ActiveCfg = Release|Any CPU
		{0ABF161A-D397-4ED6-AC41-00ECBC23ED36}.Release|x64.Build.0 = Release|Any CPU
		{0ABF161A-D397-4ED6-AC41-00ECBC23ED36}.Release|x86.ActiveCfg = Release|Any CPU
		{0ABF161A-D397-4ED6-AC41-00ECBC23ED36}.Release|x86.Build.0 = Release|Any CPU
		{5D97817B-70A5-4237-894E-D78D02845044}.Debug|Any CPU.ActiveCfg = Debug|Any CPU
		{5D97817B-70A5-4237-894E-D78D02845044}.Debug|Any CPU.Build.0 = Debug|Any CPU
		{5D97817B-70A5-4237-894E-D78D02845044}.Debug|x64.ActiveCfg = Debug|Any CPU
		{5D97817B-70A5-4237-894E-D78D02845044}.Debug|x64.Build.0 = Debug|Any CPU
		{5D97817B-70A5-4237-894E-D78D02845044}.Debug|x86.ActiveCfg = Debug|Any CPU
		{5D97817B-70A5-4237-894E-D78D02845044}.Debug|x86.Build.0 = Debug|Any CPU
		{5D97817B-70A5-4237-894E-D78D02845044}.Release|Any CPU.ActiveCfg = Release|Any CPU
		{5D97817B-70A5-4237-894E-D78D02845044}.Release|Any CPU.Build.0 = Release|Any CPU
		{5D97817B-70A5-4237-894E-D78D02845044}.Release|x64.ActiveCfg = Release|Any CPU
		{5D97817B-70A5-4237-894E-D78D02845044}.Release|x64.Build.0 = Release|Any CPU
		{5D97817B-70A5-4237-894E-D78D02845044}.Release|x86.ActiveCfg = Release|Any CPU
		{5D97817B-70A5-4237-894E-D78D02845044}.Release|x86.Build.0 = Release|Any CPU
		{17FCDCAB-D46D-4801-8621-57417E8784FD}.Debug|Any CPU.ActiveCfg = Debug|Any CPU
		{17FCDCAB-D46D-4801-8621-57417E8784FD}.Debug|Any CPU.Build.0 = Debug|Any CPU
		{17FCDCAB-D46D-4801-8621-57417E8784FD}.Debug|x64.ActiveCfg = Debug|Any CPU
		{17FCDCAB-D46D-4801-8621-57417E8784FD}.Debug|x64.Build.0 = Debug|Any CPU
		{17FCDCAB-D46D-4801-8621-57417E8784FD}.Debug|x86.ActiveCfg = Debug|Any CPU
		{17FCDCAB-D46D-4801-8621-57417E8784FD}.Debug|x86.Build.0 = Debug|Any CPU
		{17FCDCAB-D46D-4801-8621-57417E8784FD}.Release|Any CPU.ActiveCfg = Release|Any CPU
		{17FCDCAB-D46D-4801-8621-57417E8784FD}.Release|Any CPU.Build.0 = Release|Any CPU
		{17FCDCAB-D46D-4801-8621-57417E8784FD}.Release|x64.ActiveCfg = Release|Any CPU
		{17FCDCAB-D46D-4801-8621-57417E8784FD}.Release|x64.Build.0 = Release|Any CPU
		{17FCDCAB-D46D-4801-8621-57417E8784FD}.Release|x86.ActiveCfg = Release|Any CPU
		{17FCDCAB-D46D-4801-8621-57417E8784FD}.Release|x86.Build.0 = Release|Any CPU
		{F6B50C61-C6DA-4CD4-B47E-E1DCF9B79CC5}.Debug|Any CPU.ActiveCfg = Debug|Any CPU
		{F6B50C61-C6DA-4CD4-B47E-E1DCF9B79CC5}.Debug|Any CPU.Build.0 = Debug|Any CPU
		{F6B50C61-C6DA-4CD4-B47E-E1DCF9B79CC5}.Debug|x64.ActiveCfg = Debug|Any CPU
		{F6B50C61-C6DA-4CD4-B47E-E1DCF9B79CC5}.Debug|x64.Build.0 = Debug|Any CPU
		{F6B50C61-C6DA-4CD4-B47E-E1DCF9B79CC5}.Debug|x86.ActiveCfg = Debug|Any CPU
		{F6B50C61-C6DA-4CD4-B47E-E1DCF9B79CC5}.Debug|x86.Build.0 = Debug|Any CPU
		{F6B50C61-C6DA-4CD4-B47E-E1DCF9B79CC5}.Release|Any CPU.ActiveCfg = Release|Any CPU
		{F6B50C61-C6DA-4CD4-B47E-E1DCF9B79CC5}.Release|Any CPU.Build.0 = Release|Any CPU
		{F6B50C61-C6DA-4CD4-B47E-E1DCF9B79CC5}.Release|x64.ActiveCfg = Release|Any CPU
		{F6B50C61-C6DA-4CD4-B47E-E1DCF9B79CC5}.Release|x64.Build.0 = Release|Any CPU
		{F6B50C61-C6DA-4CD4-B47E-E1DCF9B79CC5}.Release|x86.ActiveCfg = Release|Any CPU
		{F6B50C61-C6DA-4CD4-B47E-E1DCF9B79CC5}.Release|x86.Build.0 = Release|Any CPU
		{EF989BB3-9706-4A53-A337-16FCBD4611B1}.Debug|Any CPU.ActiveCfg = Debug|Any CPU
		{EF989BB3-9706-4A53-A337-16FCBD4611B1}.Debug|Any CPU.Build.0 = Debug|Any CPU
		{EF989BB3-9706-4A53-A337-16FCBD4611B1}.Debug|x64.ActiveCfg = Debug|Any CPU
		{EF989BB3-9706-4A53-A337-16FCBD4611B1}.Debug|x64.Build.0 = Debug|Any CPU
		{EF989BB3-9706-4A53-A337-16FCBD4611B1}.Debug|x86.ActiveCfg = Debug|Any CPU
		{EF989BB3-9706-4A53-A337-16FCBD4611B1}.Debug|x86.Build.0 = Debug|Any CPU
		{EF989BB3-9706-4A53-A337-16FCBD4611B1}.Release|Any CPU.ActiveCfg = Release|Any CPU
		{EF989BB3-9706-4A53-A337-16FCBD4611B1}.Release|Any CPU.Build.0 = Release|Any CPU
		{EF989BB3-9706-4A53-A337-16FCBD4611B1}.Release|x64.ActiveCfg = Release|Any CPU
		{EF989BB3-9706-4A53-A337-16FCBD4611B1}.Release|x64.Build.0 = Release|Any CPU
		{EF989BB3-9706-4A53-A337-16FCBD4611B1}.Release|x86.ActiveCfg = Release|Any CPU
		{EF989BB3-9706-4A53-A337-16FCBD4611B1}.Release|x86.Build.0 = Release|Any CPU
		{0EE59623-6CC9-4FD6-8516-9E0C666707F4}.Debug|Any CPU.ActiveCfg = Debug|Any CPU
		{0EE59623-6CC9-4FD6-8516-9E0C666707F4}.Debug|Any CPU.Build.0 = Debug|Any CPU
		{0EE59623-6CC9-4FD6-8516-9E0C666707F4}.Debug|x64.ActiveCfg = Debug|Any CPU
		{0EE59623-6CC9-4FD6-8516-9E0C666707F4}.Debug|x64.Build.0 = Debug|Any CPU
		{0EE59623-6CC9-4FD6-8516-9E0C666707F4}.Debug|x86.ActiveCfg = Debug|Any CPU
		{0EE59623-6CC9-4FD6-8516-9E0C666707F4}.Debug|x86.Build.0 = Debug|Any CPU
		{0EE59623-6CC9-4FD6-8516-9E0C666707F4}.Release|Any CPU.ActiveCfg = Release|Any CPU
		{0EE59623-6CC9-4FD6-8516-9E0C666707F4}.Release|Any CPU.Build.0 = Release|Any CPU
		{0EE59623-6CC9-4FD6-8516-9E0C666707F4}.Release|x64.ActiveCfg = Release|Any CPU
		{0EE59623-6CC9-4FD6-8516-9E0C666707F4}.Release|x64.Build.0 = Release|Any CPU
		{0EE59623-6CC9-4FD6-8516-9E0C666707F4}.Release|x86.ActiveCfg = Release|Any CPU
		{0EE59623-6CC9-4FD6-8516-9E0C666707F4}.Release|x86.Build.0 = Release|Any CPU
		{E481E71E-55BB-4B28-AB04-904AAA9A3955}.Debug|Any CPU.ActiveCfg = Debug|Any CPU
		{E481E71E-55BB-4B28-AB04-904AAA9A3955}.Debug|Any CPU.Build.0 = Debug|Any CPU
		{E481E71E-55BB-4B28-AB04-904AAA9A3955}.Debug|x64.ActiveCfg = Debug|Any CPU
		{E481E71E-55BB-4B28-AB04-904AAA9A3955}.Debug|x64.Build.0 = Debug|Any CPU
		{E481E71E-55BB-4B28-AB04-904AAA9A3955}.Debug|x86.ActiveCfg = Debug|Any CPU
		{E481E71E-55BB-4B28-AB04-904AAA9A3955}.Debug|x86.Build.0 = Debug|Any CPU
		{E481E71E-55BB-4B28-AB04-904AAA9A3955}.Release|Any CPU.ActiveCfg = Release|Any CPU
		{E481E71E-55BB-4B28-AB04-904AAA9A3955}.Release|Any CPU.Build.0 = Release|Any CPU
		{E481E71E-55BB-4B28-AB04-904AAA9A3955}.Release|x64.ActiveCfg = Release|Any CPU
		{E481E71E-55BB-4B28-AB04-904AAA9A3955}.Release|x64.Build.0 = Release|Any CPU
		{E481E71E-55BB-4B28-AB04-904AAA9A3955}.Release|x86.ActiveCfg = Release|Any CPU
		{E481E71E-55BB-4B28-AB04-904AAA9A3955}.Release|x86.Build.0 = Release|Any CPU
	EndGlobalSection
	GlobalSection(SolutionProperties) = preSolution
		HideSolutionNode = FALSE
	EndGlobalSection
EndGlobal
